
Microsoft Visual Studio Solution File, Format Version 12.00
# Visual Studio Version 17
VisualStudioVersion = 17.5.33516.290
MinimumVisualStudioVersion = 10.0.40219.1
Project("{FAE04EC0-301F-11D3-BF4B-00C04F79EFBC}") = "EfCoreJourney", "EfCoreJourney\EfCoreJourney.csproj", "{562BFF21-AF43-467B-85A3-5A9FBC26F90E}"
EndProject
Project("{FAE04EC0-301F-11D3-BF4B-00C04F79EFBC}") = "EntityLayer", "EntityLayer\EntityLayer.csproj", "{39CE12FB-8515-457F-BAEB-91CE6E5E1071}"
EndProject
Project("{FAE04EC0-301F-11D3-BF4B-00C04F79EFBC}") = "DataAccessLayer", "DataAccessLayer\DataAccessLayer.csproj", "{369F6B71-4942-41C8-B531-3E480F420F7A}"
EndProject
Global
	GlobalSection(SolutionConfigurationPlatforms) = preSolution
		Debug|Any CPU = Debug|Any CPU
		Release|Any CPU = Release|Any CPU
	EndGlobalSection
	GlobalSection(ProjectConfigurationPlatforms) = postSolution
		{562BFF21-AF43-467B-85A3-5A9FBC26F90E}.Debug|Any CPU.ActiveCfg = Debug|Any CPU
		{562BFF21-AF43-467B-85A3-5A9FBC26F90E}.Debug|Any CPU.Build.0 = Debug|Any CPU
		{562BFF21-AF43-467B-85A3-5A9FBC26F90E}.Release|Any CPU.ActiveCfg = Release|Any CPU
		{562BFF21-AF43-467B-85A3-5A9FBC26F90E}.Release|Any CPU.Build.0 = Release|Any CPU
		{39CE12FB-8515-457F-BAEB-91CE6E5E1071}.Debug|Any CPU.ActiveCfg = Debug|Any CPU
		{39CE12FB-8515-457F-BAEB-91CE6E5E1071}.Debug|Any CPU.Build.0 = Debug|Any CPU
		{39CE12FB-8515-457F-BAEB-91CE6E5E1071}.Release|Any CPU.ActiveCfg = Release|Any CPU
		{39CE12FB-8515-457F-BAEB-91CE6E5E1071}.Release|Any CPU.Build.0 = Release|Any CPU
		{369F6B71-4942-41C8-B531-3E480F420F7A}.Debug|Any CPU.ActiveCfg = Debug|Any CPU
		{369F6B71-4942-41C8-B531-3E480F420F7A}.Debug|Any CPU.Build.0 = Debug|Any CPU
		{369F6B71-4942-41C8-B531-3E480F420F7A}.Release|Any CPU.ActiveCfg = Release|Any CPU
		{369F6B71-4942-41C8-B531-3E480F420F7A}.Release|Any CPU.Build.0 = Release|Any CPU
	EndGlobalSection
	GlobalSection(SolutionProperties) = preSolution
		HideSolutionNode = FALSE
	EndGlobalSection
	GlobalSection(ExtensibilityGlobals) = postSolution
		SolutionGuid = {8F8FCDE0-54B2-4D24-975A-D9DCF83F9E30}
	EndGlobalSection
EndGlobal
