
Microsoft Visual Studio Solution File, Format Version 12.00
# Visual Studio Version 17
VisualStudioVersion = 17.5.33516.290
MinimumVisualStudioVersion = 10.0.40219.1
Project("{9A19103F-16F7-4668-BE54-9A1E7A4F7556}") = "EfCoreJourney", "EfCoreJourney\EfCoreJourney.csproj", "{562BFF21-AF43-467B-85A3-5A9FBC26F90E}"
EndProject
Project("{9A19103F-16F7-4668-BE54-9A1E7A4F7556}") = "EntityLayer", "EntityLayer\EntityLayer.csproj", "{39CE12FB-8515-457F-BAEB-91CE6E5E1071}"
EndProject
Project("{9A19103F-16F7-4668-BE54-9A1E7A4F7556}") = "DataAccessLayer", "DataAccessLayer\DataAccessLayer.csproj", "{369F6B71-4942-41C8-B531-3E480F420F7A}"
EndProject
Project("{9A19103F-16F7-4668-BE54-9A1E7A4F7556}") = "BusinessLayer", "BusinessLayer\BusinessLayer.csproj", "{03CCADCE-D688-470B-99A9-B6DEA357DCEA}"
EndProject
Project("{9A19103F-16F7-4668-BE54-9A1E7A4F7556}") = "DTOsLayer", "DTOsLayer\DTOsLayer.csproj", "{B86A07AC-3892-47C6-B924-B308472B4AA2}"
EndProject
Project("{FAE04EC0-301F-11D3-BF4B-00C04F79EFBC}") = "CoreJourney.API", "CoreJourney.API\CoreJourney.API.csproj", "{F52A56F5-0AC8-4234-B6D0-4F2C35F802C9}"
EndProject
Global
	GlobalSection(SolutionConfigurationPlatforms) = preSolution
		Debug|Any CPU = Debug|Any CPU
		Release|Any CPU = Release|Any CPU
	EndGlobalSection
	GlobalSection(ProjectConfigurationPlatforms) = postSolution
		{562BFF21-AF43-467B-85A3-5A9FBC26F90E}.Debug|Any CPU.ActiveCfg = Debug|Any CPU
		{562BFF21-AF43-467B-85A3-5A9FBC26F90E}.Debug|Any CPU.Build.0 = Debug|Any CPU
		{562BFF21-AF43-467B-85A3-5A9FBC26F90E}.Release|Any CPU.ActiveCfg = Release|Any CPU
		{562BFF21-AF43-467B-85A3-5A9FBC26F90E}.Release|Any CPU.Build.0 = Release|Any CPU
		{39CE12FB-8515-457F-BAEB-91CE6E5E1071}.Debug|Any CPU.ActiveCfg = Debug|Any CPU
		{39CE12FB-8515-457F-BAEB-91CE6E5E1071}.Debug|Any CPU.Build.0 = Debug|Any CPU
		{39CE12FB-8515-457F-BAEB-91CE6E5E1071}.Release|Any CPU.ActiveCfg = Release|Any CPU
		{39CE12FB-8515-457F-BAEB-91CE6E5E1071}.Release|Any CPU.Build.0 = Release|Any CPU
		{369F6B71-4942-41C8-B531-3E480F420F7A}.Debug|Any CPU.ActiveCfg = Debug|Any CPU
		{369F6B71-4942-41C8-B531-3E480F420F7A}.Debug|Any CPU.Build.0 = Debug|Any CPU
		{369F6B71-4942-41C8-B531-3E480F420F7A}.Release|Any CPU.ActiveCfg = Release|Any CPU
		{369F6B71-4942-41C8-B531-3E480F420F7A}.Release|Any CPU.Build.0 = Release|Any CPU
		{03CCADCE-D688-470B-99A9-B6DEA357DCEA}.Debug|Any CPU.ActiveCfg = Debug|Any CPU
		{03CCADCE-D688-470B-99A9-B6DEA357DCEA}.Debug|Any CPU.Build.0 = Debug|Any CPU
		{03CCADCE-D688-470B-99A9-B6DEA357DCEA}.Release|Any CPU.ActiveCfg = Release|Any CPU
		{03CCADCE-D688-470B-99A9-B6DEA357DCEA}.Release|Any CPU.Build.0 = Release|Any CPU
		{B86A07AC-3892-47C6-B924-B308472B4AA2}.Debug|Any CPU.ActiveCfg = Debug|Any CPU
		{B86A07AC-3892-47C6-B924-B308472B4AA2}.Debug|Any CPU.Build.0 = Debug|Any CPU
		{B86A07AC-3892-47C6-B924-B308472B4AA2}.Release|Any CPU.ActiveCfg = Release|Any CPU
		{B86A07AC-3892-47C6-B924-B308472B4AA2}.Release|Any CPU.Build.0 = Release|Any CPU
		{F52A56F5-0AC8-4234-B6D0-4F2C35F802C9}.Debug|Any CPU.ActiveCfg = Debug|Any CPU
		{F52A56F5-0AC8-4234-B6D0-4F2C35F802C9}.Debug|Any CPU.Build.0 = Debug|Any CPU
		{F52A56F5-0AC8-4234-B6D0-4F2C35F802C9}.Release|Any CPU.ActiveCfg = Release|Any CPU
		{F52A56F5-0AC8-4234-B6D0-4F2C35F802C9}.Release|Any CPU.Build.0 = Release|Any CPU
	EndGlobalSection
	GlobalSection(SolutionProperties) = preSolution
		HideSolutionNode = FALSE
	EndGlobalSection
	GlobalSection(ExtensibilityGlobals) = postSolution
		SolutionGuid = {8F8FCDE0-54B2-4D24-975A-D9DCF83F9E30}
	EndGlobalSection
EndGlobal
